PODS:
  - Kingfisher (5.15.0):
    - Kingfisher/Core (= 5.15.0)
  - Kingfisher/Core (5.15.0)
  - lottie-ios (3.1.8)
  - SketchKit (1.3.0)
  - SwiftLint (0.40.1)

DEPENDENCIES:
  - Kingfisher
  - lottie-ios
  - SketchKit
  - SwiftLint

SPEC REPOS:
  trunk:
    - Kingfisher
    - lottie-ios
    - SketchKit
    - SwiftLint

SPEC CHECKSUMS:
  Kingfisher: 1acb67597a520c2d0310677e66d6e0af455ef757
  lottie-ios: 48fac6be217c76937e36e340e2d09cf7b10b7f5f
  SketchKit: 5698aee1e2f87d7e50467017ee6f5808e779a09d
  SwiftLint: bbfed21bf4451dcbd0f5cdbee44a18e06cf91b12

PODFILE CHECKSUM: 5a33d9811a2a3d7546ec14e2b88c98af47681c59

COCOAPODS: 1.9.3
